// !$*UTF8*$!
{
	archiveVersion = 1;
	classes = {
	};
	objectVersion = 77;
	objects = {

/* Begin PBXBuildFile section */
		0F6EB5D0E27D01A7CEEAB1BC /* AppIcon-60.png in Resources */ = {isa = PBXBuildFile; fileRef = 7EF33EC77E1804CD6515DC33 /* AppIcon-60.png */; };
		12132A5717C9CE40C00EF875 /* AppIcon-20.png in Resources */ = {isa = PBXBuildFile; fileRef = 5FE61F7FFE8B241330EDAF66 /* AppIcon-20.png */; };
		1377E546A6747B10A243DB5C /* gameover.wav in Resources */ = {isa = PBXBuildFile; fileRef = 5E452E76A704E2C10CF101AC /* gameover.wav */; };
		1807303A81CFFA7BEBF3A3E2 /* SceneDelegate.swift in Sources */ = {isa = PBXBuildFile; fileRef = 3C447FC7DF7CD2C4D1DD56E1 /* SceneDelegate.swift */; };
		21120AD848ABB0E14B82C281 /* AppIcon-29.png in Resources */ = {isa = PBXBuildFile; fileRef = 0F850241037C4E39033555EF /* AppIcon-29.png */; };
		5090470D0F8CEC0C9AB7808E /* AppIcon-58.png in Resources */ = {isa = PBXBuildFile; fileRef = 9217FADB74C67DE219CB2D8C /* AppIcon-58.png */; };
		52911DDC0F8D68176FE95824 /* AppIcon-40.png in Resources */ = {isa = PBXBuildFile; fileRef = CA9A311C0DE10E5C88B5DCEB /* AppIcon-40.png */; };
		5577C714027718E0B7274629 /* AppIcon-180.png in Resources */ = {isa = PBXBuildFile; fileRef = 82428A409965992040D227F6 /* AppIcon-180.png */; };
		5C943A924AC49B7938C012E3 /* AppDelegate.swift in Sources */ = {isa = PBXBuildFile; fileRef = 30F6ED74ECF33DE81C9764D6 /* AppDelegate.swift */; };
		647676466D6023E0C2F108EF /* AppIcon-167.png in Resources */ = {isa = PBXBuildFile; fileRef = F884589E2279130F1C2B5B54 /* AppIcon-167.png */; };
		651A0EC238A348406779B40D /* AppIcon-76.png in Resources */ = {isa = PBXBuildFile; fileRef = A751FE6E101D619025E7A95D /* AppIcon-76.png */; };
		75EDD38E9F02BBAE5C37556C /* Assets.xcassets in Resources */ = {isa = PBXBuildFile; fileRef = B62BEF9DEB20E1927A729851 /* Assets.xcassets */; };
		7940431E52E3AD28302EEA9F /* AppIcon-87.png in Resources */ = {isa = PBXBuildFile; fileRef = 693DB207167EAFB4BE24F67C /* AppIcon-87.png */; };
		822FCFA2DA63F170A547A1DF /* levelup.wav in Resources */ = {isa = PBXBuildFile; fileRef = DCF8C402FF021D0F7CA6F971 /* levelup.wav */; };
		A54A5AFDD5E0B7BE7ED35400 /* AppIcon-152.png in Resources */ = {isa = PBXBuildFile; fileRef = 245F261F3520A509F5261112 /* AppIcon-152.png */; };
		A66516C9F974A74D92DC4B83 /* AppIcon-80.png in Resources */ = {isa = PBXBuildFile; fileRef = 20E657036D09FE0925BBF9AE /* AppIcon-80.png */; };
		CCDC4D8EED87DA29526E93FF /* AppIcon-120.png in Resources */ = {isa = PBXBuildFile; fileRef = FF8C26F75E8360397D4E85F7 /* AppIcon-120.png */; };
		CE68C1A4422995411A554D8E /* GameScene.swift in Sources */ = {isa = PBXBuildFile; fileRef = 52ED4C65197A16FA13345941 /* GameScene.swift */; };
		CFEDF9DAF71C542630ED4671 /* GameViewController.swift in Sources */ = {isa = PBXBuildFile; fileRef = C5BB95D2A12B460A29D6E733 /* GameViewController.swift */; };
		E7A5317B0B9B7668B9522737 /* hurt.wav in Resources */ = {isa = PBXBuildFile; fileRef = DC715935A95D366B28036A1A /* hurt.wav */; };
		E88737A4E08A89A4884D0153 /* hit.wav in Resources */ = {isa = PBXBuildFile; fileRef = FDBC2EF6A1B345C8DB04A926 /* hit.wav */; };
		F8EB053F26B79ED98613877A /* AppIcon.png in Resources */ = {isa = PBXBuildFile; fileRef = 887305F5DE88D861728EE6E3 /* AppIcon.png */; };
		FB1C7282120FDB40B9A7B393 /* laserhit.wav in Resources */ = {isa = PBXBuildFile; fileRef = 032750342BDC63DE289CC919 /* laserhit.wav */; };
/* End PBXBuildFile section */

/* Begin PBXFileReference section */
		032750342BDC63DE289CC919 /* laserhit.wav */ = {isa = PBXFileReference; lastKnownFileType = audio.wav; path = laserhit.wav; sourceTree = "<group>"; };
		0F850241037C4E39033555EF /* AppIcon-29.png */ = {isa = PBXFileReference; lastKnownFileType = image.png; path = "AppIcon-29.png"; sourceTree = "<group>"; };
		20E657036D09FE0925BBF9AE /* AppIcon-80.png */ = {isa = PBXFileReference; lastKnownFileType = image.png; path = "AppIcon-80.png"; sourceTree = "<group>"; };
		245F261F3520A509F5261112 /* AppIcon-152.png */ = {isa = PBXFileReference; lastKnownFileType = image.png; path = "AppIcon-152.png"; sourceTree = "<group>"; };
		30F6ED74ECF33DE81C9764D6 /* AppDelegate.swift */ = {isa = PBXFileReference; lastKnownFileType = sourcecode.swift; path = AppDelegate.swift; sourceTree = "<group>"; };
		3C447FC7DF7CD2C4D1DD56E1 /* SceneDelegate.swift */ = {isa = PBXFileReference; lastKnownFileType = sourcecode.swift; path = SceneDelegate.swift; sourceTree = "<group>"; };
		52AC0741F3755EE157E99810 /* AInoidOnline.app */ = {isa = PBXFileReference; includeInIndex = 0; lastKnownFileType = wrapper.application; path = AInoidOnline.app; sourceTree = BUILT_PRODUCTS_DIR; };
		52ED4C65197A16FA13345941 /* GameScene.swift */ = {isa = PBXFileReference; lastKnownFileType = sourcecode.swift; path = GameScene.swift; sourceTree = "<group>"; };
		5E452E76A704E2C10CF101AC /* gameover.wav */ = {isa = PBXFileReference; lastKnownFileType = audio.wav; path = gameover.wav; sourceTree = "<group>"; };
		5FE61F7FFE8B241330EDAF66 /* AppIcon-20.png */ = {isa = PBXFileReference; lastKnownFileType = image.png; path = "AppIcon-20.png"; sourceTree = "<group>"; };
		693DB207167EAFB4BE24F67C /* AppIcon-87.png */ = {isa = PBXFileReference; lastKnownFileType = image.png; path = "AppIcon-87.png"; sourceTree = "<group>"; };
		7EF33EC77E1804CD6515DC33 /* AppIcon-60.png */ = {isa = PBXFileReference; lastKnownFileType = image.png; path = "AppIcon-60.png"; sourceTree = "<group>"; };
		82428A409965992040D227F6 /* AppIcon-180.png */ = {isa = PBXFileReference; lastKnownFileType = image.png; path = "AppIcon-180.png"; sourceTree = "<group>"; };
		887305F5DE88D861728EE6E3 /* AppIcon.png */ = {isa = PBXFileReference; lastKnownFileType = image.png; path = AppIcon.png; sourceTree = "<group>"; };
		9217FADB74C67DE219CB2D8C /* AppIcon-58.png */ = {isa = PBXFileReference; lastKnownFileType = image.png; path = "AppIcon-58.png"; sourceTree = "<group>"; };
		A751FE6E101D619025E7A95D /* AppIcon-76.png */ = {isa = PBXFileReference; lastKnownFileType = image.png; path = "AppIcon-76.png"; sourceTree = "<group>"; };
		B62BEF9DEB20E1927A729851 /* Assets.xcassets */ = {isa = PBXFileReference; lastKnownFileType = folder.assetcatalog; path = Assets.xcassets; sourceTree = "<group>"; };
		C5BB95D2A12B460A29D6E733 /* GameViewController.swift */ = {isa = PBXFileReference; lastKnownFileType = sourcecode.swift; path = GameViewController.swift; sourceTree = "<group>"; };
		CA9A311C0DE10E5C88B5DCEB /* AppIcon-40.png */ = {isa = PBXFileReference; lastKnownFileType = image.png; path = "AppIcon-40.png"; sourceTree = "<group>"; };
		DC715935A95D366B28036A1A /* hurt.wav */ = {isa = PBXFileReference; lastKnownFileType = audio.wav; path = hurt.wav; sourceTree = "<group>"; };
		DCF8C402FF021D0F7CA6F971 /* levelup.wav */ = {isa = PBXFileReference; lastKnownFileType = audio.wav; path = levelup.wav; sourceTree = "<group>"; };
		F884589E2279130F1C2B5B54 /* AppIcon-167.png */ = {isa = PBXFileReference; lastKnownFileType = image.png; path = "AppIcon-167.png"; sourceTree = "<group>"; };
		FDBC2EF6A1B345C8DB04A926 /* hit.wav */ = {isa = PBXFileReference; lastKnownFileType = audio.wav; path = hit.wav; sourceTree = "<group>"; };
		FF8C26F75E8360397D4E85F7 /* AppIcon-120.png */ = {isa = PBXFileReference; lastKnownFileType = image.png; path = "AppIcon-120.png"; sourceTree = "<group>"; };
/* End PBXFileReference section */

/* Begin PBXGroup section */
		1E77A3910BD744E494A00DD8 /* Sources */ = {
			isa = PBXGroup;
			children = (
				30F6ED74ECF33DE81C9764D6 /* AppDelegate.swift */,
				C5BB95D2A12B460A29D6E733 /* GameViewController.swift */,
				3C447FC7DF7CD2C4D1DD56E1 /* SceneDelegate.swift */,
				56BE31FFDE8D73058E1ED7E4 /* Scenes */,
			);
			path = Sources;
			sourceTree = "<group>";
		};
		56BE31FFDE8D73058E1ED7E4 /* Scenes */ = {
			isa = PBXGroup;
			children = (
				52ED4C65197A16FA13345941 /* GameScene.swift */,
			);
			path = Scenes;
			sourceTree = "<group>";
		};
		726CB6AD765B31AE8355C6A9 /* Products */ = {
			isa = PBXGroup;
			children = (
				52AC0741F3755EE157E99810 /* AInoidOnline.app */,
			);
			name = Products;
			sourceTree = "<group>";
		};
		91F30DC91964D09DF0E3A146 = {
			isa = PBXGroup;
			children = (
				E41B8F18A3C9C0F283008233 /* Resources */,
				1E77A3910BD744E494A00DD8 /* Sources */,
				726CB6AD765B31AE8355C6A9 /* Products */,
			);
			sourceTree = "<group>";
		};
		E41B8F18A3C9C0F283008233 /* Resources */ = {
			isa = PBXGroup;
			children = (
				5FE61F7FFE8B241330EDAF66 /* AppIcon-20.png */,
				0F850241037C4E39033555EF /* AppIcon-29.png */,
				CA9A311C0DE10E5C88B5DCEB /* AppIcon-40.png */,
				9217FADB74C67DE219CB2D8C /* AppIcon-58.png */,
				7EF33EC77E1804CD6515DC33 /* AppIcon-60.png */,
				A751FE6E101D619025E7A95D /* AppIcon-76.png */,
				20E657036D09FE0925BBF9AE /* AppIcon-80.png */,
				693DB207167EAFB4BE24F67C /* AppIcon-87.png */,
				FF8C26F75E8360397D4E85F7 /* AppIcon-120.png */,
				245F261F3520A509F5261112 /* AppIcon-152.png */,
				F884589E2279130F1C2B5B54 /* AppIcon-167.png */,
				82428A409965992040D227F6 /* AppIcon-180.png */,
				887305F5DE88D861728EE6E3 /* AppIcon.png */,
				B62BEF9DEB20E1927A729851 /* Assets.xcassets */,
				5E452E76A704E2C10CF101AC /* gameover.wav */,
				FDBC2EF6A1B345C8DB04A926 /* hit.wav */,
				DC715935A95D366B28036A1A /* hurt.wav */,
				032750342BDC63DE289CC919 /* laserhit.wav */,
				DCF8C402FF021D0F7CA6F971 /* levelup.wav */,
			);
			path = Resources;
			sourceTree = "<group>";
		};
/* End PBXGroup section */

/* Begin PBXNativeTarget section */
		9642805407967D0800364C30 /* AInoidOnline */ = {
			isa = PBXNativeTarget;
			buildConfigurationList = 5F1F0AAFAAEE0649DC5412E5 /* Build configuration list for PBXNativeTarget "AInoidOnline" */;
			buildPhases = (
				01A0DD0ECAEFD9E77AF8D224 /* Sources */,
				AE638893A177192DD60D34D8 /* Resources */,
			);
			buildRules = (
			);
			dependencies = (
			);
			name = AInoidOnline;
			packageProductDependencies = (
			);
			productName = AInoidOnline;
			productReference = 52AC0741F3755EE157E99810 /* AInoidOnline.app */;
			productType = "com.apple.product-type.application";
		};
/* End PBXNativeTarget section */

/* Begin PBXProject section */
		8E30DD7436A40FB747DD09E0 /* Project object */ = {
			isa = PBXProject;
			attributes = {
				BuildIndependentTargetsInParallel = YES;
				LastUpgradeCheck = 1500;
				TargetAttributes = {
					9642805407967D0800364C30 = {
						DevelopmentTeam = "";
						ProvisioningStyle = Automatic;
					};
				};
			};
			buildConfigurationList = D63BD50BDE081A5A5149B3F7 /* Build configuration list for PBXProject "AInoidOnline" */;
			compatibilityVersion = "Xcode 14.0";
			developmentRegion = en;
			hasScannedForEncodings = 0;
			knownRegions = (
				Base,
				en,
			);
			mainGroup = 91F30DC91964D09DF0E3A146;
			minimizedProjectReferenceProxies = 1;
			preferredProjectObjectVersion = 77;
			projectDirPath = "";
			projectRoot = "";
			targets = (
				9642805407967D0800364C30 /* AInoidOnline */,
			);
		};
/* End PBXProject section */

/* Begin PBXResourcesBuildPhase section */
		AE638893A177192DD60D34D8 /* Resources */ = {
			isa = PBXResourcesBuildPhase;
			buildActionMask = 2147483647;
			files = (
				CCDC4D8EED87DA29526E93FF /* AppIcon-120.png in Resources */,
				A54A5AFDD5E0B7BE7ED35400 /* AppIcon-152.png in Resources */,
				647676466D6023E0C2F108EF /* AppIcon-167.png in Resources */,
				5577C714027718E0B7274629 /* AppIcon-180.png in Resources */,
				12132A5717C9CE40C00EF875 /* AppIcon-20.png in Resources */,
				21120AD848ABB0E14B82C281 /* AppIcon-29.png in Resources */,
				52911DDC0F8D68176FE95824 /* AppIcon-40.png in Resources */,
				5090470D0F8CEC0C9AB7808E /* AppIcon-58.png in Resources */,
				0F6EB5D0E27D01A7CEEAB1BC /* AppIcon-60.png in Resources */,
				651A0EC238A348406779B40D /* AppIcon-76.png in Resources */,
				A66516C9F974A74D92DC4B83 /* AppIcon-80.png in Resources */,
				7940431E52E3AD28302EEA9F /* AppIcon-87.png in Resources */,
				F8EB053F26B79ED98613877A /* AppIcon.png in Resources */,
				75EDD38E9F02BBAE5C37556C /* Assets.xcassets in Resources */,
				1377E546A6747B10A243DB5C /* gameover.wav in Resources */,
				E88737A4E08A89A4884D0153 /* hit.wav in Resources */,
				E7A5317B0B9B7668B9522737 /* hurt.wav in Resources */,
				FB1C7282120FDB40B9A7B393 /* laserhit.wav in Resources */,
				822FCFA2DA63F170A547A1DF /* levelup.wav in Resources */,
			);
			runOnlyForDeploymentPostprocessing = 0;
		};
/* End PBXResourcesBuildPhase section */

/* Begin PBXSourcesBuildPhase section */
		01A0DD0ECAEFD9E77AF8D224 /* Sources */ = {
			isa = PBXSourcesBuildPhase;
			buildActionMask = 2147483647;
			files = (
				5C943A924AC49B7938C012E3 /* AppDelegate.swift in Sources */,
				CE68C1A4422995411A554D8E /* GameScene.swift in Sources */,
				CFEDF9DAF71C542630ED4671 /* GameViewController.swift in Sources */,
				1807303A81CFFA7BEBF3A3E2 /* SceneDelegate.swift in Sources */,
			);
			runOnlyForDeploymentPostprocessing = 0;
		};
/* End PBXSourcesBuildPhase section */

/* Begin XCBuildConfiguration section */
		83645CE51110A0C58664A5DB /* Debug */ = {
			isa = XCBuildConfiguration;
			buildSettings = {
				ASSETCATALOG_COMPILER_APPICON_NAME = AppIcon;
				CODE_SIGN_IDENTITY = "iPhone Developer";
				CODE_SIGN_STYLE = Automatic;
				DEVELOPMENT_TEAM = "";
				INFOPLIST_FILE = Resources/Info.plist;
				LD_RUNPATH_SEARCH_PATHS = (
					"$(inherited)",
					"@executable_path/Frameworks",
				);
				PRODUCT_BUNDLE_IDENTIFIER = com.yourname.arkanoidonline;
				SDKROOT = iphoneos;
				TARGETED_DEVICE_FAMILY = "1,2";
			};
			name = Debug;
		};
		8BCA2055FCB8F9FB4011152A /* Debug */ = {
			isa = XCBuildConfiguration;
			buildSettings = {
				ALWAYS_SEARCH_USER_PATHS = NO;
				CLANG_ANALYZER_NONNULL = YES;
				CLANG_ANALYZER_NUMBER_OBJECT_CONVERSION = YES_AGGRESSIVE;
				CLANG_CXX_LANGUAGE_STANDARD = "gnu++14";
				CLANG_CXX_LIBRARY = "libc++";
				CLANG_ENABLE_MODULES = YES;
				CLANG_ENABLE_OBJC_ARC = YES;
				CLANG_ENABLE_OBJC_WEAK = YES;
				CLANG_WARN_BLOCK_CAPTURE_AUTORELEASING = YES;
				CLANG_WARN_BOOL_CONVERSION = YES;
				CLANG_WARN_COMMA = YES;
				CLANG_WARN_CONSTANT_CONVERSION = YES;
				CLANG_WARN_DEPRECATED_OBJC_IMPLEMENTATIONS = YES;
				CLANG_WARN_DIRECT_OBJC_ISA_USAGE = YES_ERROR;
				CLANG_WARN_DOCUMENTATION_COMMENTS = YES;
				CLANG_WARN_EMPTY_BODY = YES;
				CLANG_WARN_ENUM_CONVERSION = YES;
				CLANG_WARN_INFINITE_RECURSION = YES;
				CLANG_WARN_INT_CONVERSION = YES;
				CLANG_WARN_NON_LITERAL_NULL_CONVERSION = YES;
				CLANG_WARN_OBJC_IMPLICIT_RETAIN_SELF = YES;
				CLANG_WARN_OBJC_LITERAL_CONVERSION = YES;
				CLANG_WARN_OBJC_ROOT_CLASS = YES_ERROR;
				CLANG_WARN_QUOTED_INCLUDE_IN_FRAMEWORK_HEADER = YES;
				CLANG_WARN_RANGE_LOOP_ANALYSIS = YES;
				CLANG_WARN_STRICT_PROTOTYPES = YES;
				CLANG_WARN_SUSPICIOUS_MOVE = YES;
				CLANG_WARN_UNGUARDED_AVAILABILITY = YES_AGGRESSIVE;
				CLANG_WARN_UNREACHABLE_CODE = YES;
				CLANG_WARN__DUPLICATE_METHOD_MATCH = YES;
				COPY_PHASE_STRIP = NO;
				DEBUG_INFORMATION_FORMAT = dwarf;
				ENABLE_STRICT_OBJC_MSGSEND = YES;
				ENABLE_TESTABILITY = YES;
				GCC_C_LANGUAGE_STANDARD = gnu11;
				GCC_DYNAMIC_NO_PIC = NO;
				GCC_NO_COMMON_BLOCKS = YES;
				GCC_OPTIMIZATION_LEVEL = 0;
				GCC_PREPROCESSOR_DEFINITIONS = (
					"$(inherited)",
					"DEBUG=1",
				);
				GCC_WARN_64_TO_32_BIT_CONVERSION = YES;
				GCC_WARN_ABOUT_RETURN_TYPE = YES_ERROR;
				GCC_WARN_UNDECLARED_SELECTOR = YES;
				GCC_WARN_UNINITIALIZED_AUTOS = YES_AGGRESSIVE;
				GCC_WARN_UNUSED_FUNCTION = YES;
				GCC_WARN_UNUSED_VARIABLE = YES;
				IPHONEOS_DEPLOYMENT_TARGET = 15.0;
				MTL_ENABLE_DEBUG_INFO = INCLUDE_SOURCE;
				MTL_FAST_MATH = YES;
				ONLY_ACTIVE_ARCH = YES;
				PRODUCT_NAME = "$(TARGET_NAME)";
				SDKROOT = iphoneos;
				SWIFT_ACTIVE_COMPILATION_CONDITIONS = DEBUG;
				SWIFT_OPTIMIZATION_LEVEL = "-Onone";
				SWIFT_VERSION = 5.9;
				TARGETED_DEVICE_FAMILY = "1,2";
			};
			name = Debug;
		};
		9E428DE75643116AEDA73E0B /* Release */ = {
			isa = XCBuildConfiguration;
			buildSettings = {
				ASSETCATALOG_COMPILER_APPICON_NAME = AppIcon;
				CODE_SIGN_IDENTITY = "iPhone Developer";
				CODE_SIGN_STYLE = Automatic;
				DEVELOPMENT_TEAM = "";
				INFOPLIST_FILE = Resources/Info.plist;
				LD_RUNPATH_SEARCH_PATHS = (
					"$(inherited)",
					"@executable_path/Frameworks",
				);
				PRODUCT_BUNDLE_IDENTIFIER = com.yourname.arkanoidonline;
				SDKROOT = iphoneos;
				TARGETED_DEVICE_FAMILY = "1,2";
			};
			name = Release;
		};
		A6DC38D15BA42502FF5AEB09 /* Release */ = {
			isa = XCBuildConfiguration;
			buildSettings = {
				ALWAYS_SEARCH_USER_PATHS = NO;
				CLANG_ANALYZER_NONNULL = YES;
				CLANG_ANALYZER_NUMBER_OBJECT_CONVERSION = YES_AGGRESSIVE;
				CLANG_CXX_LANGUAGE_STANDARD = "gnu++14";
				CLANG_CXX_LIBRARY = "libc++";
				CLANG_ENABLE_MODULES = YES;
				CLANG_ENABLE_OBJC_ARC = YES;
				CLANG_ENABLE_OBJC_WEAK = YES;
				CLANG_WARN_BLOCK_CAPTURE_AUTORELEASING = YES;
				CLANG_WARN_BOOL_CONVERSION = YES;
				CLANG_WARN_COMMA = YES;
				CLANG_WARN_CONSTANT_CONVERSION = YES;
				CLANG_WARN_DEPRECATED_OBJC_IMPLEMENTATIONS = YES;
				CLANG_WARN_DIRECT_OBJC_ISA_USAGE = YES_ERROR;
				CLANG_WARN_DOCUMENTATION_COMMENTS = YES;
				CLANG_WARN_EMPTY_BODY = YES;
				CLANG_WARN_ENUM_CONVERSION = YES;
				CLANG_WARN_INFINITE_RECURSION = YES;
				CLANG_WARN_INT_CONVERSION = YES;
				CLANG_WARN_NON_LITERAL_NULL_CONVERSION = YES;
				CLANG_WARN_OBJC_IMPLICIT_RETAIN_SELF = YES;
				CLANG_WARN_OBJC_LITERAL_CONVERSION = YES;
				CLANG_WARN_OBJC_ROOT_CLASS = YES_ERROR;
				CLANG_WARN_QUOTED_INCLUDE_IN_FRAMEWORK_HEADER = YES;
				CLANG_WARN_RANGE_LOOP_ANALYSIS = YES;
				CLANG_WARN_STRICT_PROTOTYPES = YES;
				CLANG_WARN_SUSPICIOUS_MOVE = YES;
				CLANG_WARN_UNGUARDED_AVAILABILITY = YES_AGGRESSIVE;
				CLANG_WARN_UNREACHABLE_CODE = YES;
				CLANG_WARN__DUPLICATE_METHOD_MATCH = YES;
				COPY_PHASE_STRIP = NO;
				DEBUG_INFORMATION_FORMAT = "dwarf-with-dsym";
				ENABLE_NS_ASSERTIONS = NO;
				ENABLE_STRICT_OBJC_MSGSEND = YES;
				GCC_C_LANGUAGE_STANDARD = gnu11;
				GCC_NO_COMMON_BLOCKS = YES;
				GCC_WARN_64_TO_32_BIT_CONVERSION = YES;
				GCC_WARN_ABOUT_RETURN_TYPE = YES_ERROR;
				GCC_WARN_UNDECLARED_SELECTOR = YES;
				GCC_WARN_UNINITIALIZED_AUTOS = YES_AGGRESSIVE;
				GCC_WARN_UNUSED_FUNCTION = YES;
				GCC_WARN_UNUSED_VARIABLE = YES;
				IPHONEOS_DEPLOYMENT_TARGET = 15.0;
				MTL_ENABLE_DEBUG_INFO = NO;
				MTL_FAST_MATH = YES;
				PRODUCT_NAME = "$(TARGET_NAME)";
				SDKROOT = iphoneos;
				SWIFT_COMPILATION_MODE = wholemodule;
				SWIFT_OPTIMIZATION_LEVEL = "-O";
				SWIFT_VERSION = 5.9;
				TARGETED_DEVICE_FAMILY = "1,2";
			};
			name = Release;
		};
/* End XCBuildConfiguration section */

/* Begin XCConfigurationList section */
		5F1F0AAFAAEE0649DC5412E5 /* Build configuration list for PBXNativeTarget "AInoidOnline" */ = {
			isa = XCConfigurationList;
			buildConfigurations = (
				83645CE51110A0C58664A5DB /* Debug */,
				9E428DE75643116AEDA73E0B /* Release */,
			);
			defaultConfigurationIsVisible = 0;
			defaultConfigurationName = Debug;
		};
		D63BD50BDE081A5A5149B3F7 /* Build configuration list for PBXProject "AInoidOnline" */ = {
			isa = XCConfigurationList;
			buildConfigurations = (
				8BCA2055FCB8F9FB4011152A /* Debug */,
				A6DC38D15BA42502FF5AEB09 /* Release */,
			);
			defaultConfigurationIsVisible = 0;
			defaultConfigurationName = Debug;
		};
/* End XCConfigurationList section */
	};
	rootObject = 8E30DD7436A40FB747DD09E0 /* Project object */;
}
