// !$*UTF8*$!
{
	archiveVersion = 1;
	classes = {
	};
	objectVersion = 63;
	objects = {

/* Begin PBXBuildFile section */
		00210C235C94ACC1BBA3FD3F /* gameover.wav in Resources */ = {isa = PBXBuildFile; fileRef = 0D99A0A2ECAEFF218C3A3ED2 /* gameover.wav */; };
		061EE7028492229CCDC7295A /* AppDelegate.swift in Sources */ = {isa = PBXBuildFile; fileRef = 16D4D97305B21435907E5899 /* AppDelegate.swift */; };
		07994A23B9DBD33EB1C094DC /* SceneDelegate.swift in Sources */ = {isa = PBXBuildFile; fileRef = 0E6833840C761598922CDF56 /* SceneDelegate.swift */; };
		5B363DA86AA54B107FDD658A /* GameScene.swift in Sources */ = {isa = PBXBuildFile; fileRef = 0DDFB595B4E556B1D95B1516 /* GameScene.swift */; };
		8674FD11D79562BDE0024009 /* laserhit.wav in Resources */ = {isa = PBXBuildFile; fileRef = 5AC11ECB51BFAECEA517043D /* laserhit.wav */; };
		91E033002AD2BEB828817EE9 /* levelup.wav in Resources */ = {isa = PBXBuildFile; fileRef = 450B6609FA01CF625745861B /* levelup.wav */; };
		C5D9A715DC83454FD78077A1 /* hurt.wav in Resources */ = {isa = PBXBuildFile; fileRef = 23C8D543894E430CB78438FC /* hurt.wav */; };
		CAC7B80715A2ADA4BD244A63 /* GameViewController.swift in Sources */ = {isa = PBXBuildFile; fileRef = C273487091A8107944EA34EF /* GameViewController.swift */; };
		CFFC3C50D7CED543165FDEB6 /* hit.wav in Resources */ = {isa = PBXBuildFile; fileRef = 5D2F961EB839730A2AD4E54F /* hit.wav */; };
/* End PBXBuildFile section */

/* Begin PBXFileReference section */
		0D99A0A2ECAEFF218C3A3ED2 /* gameover.wav */ = {isa = PBXFileReference; lastKnownFileType = audio.wav; path = gameover.wav; sourceTree = "<group>"; };
		0DDFB595B4E556B1D95B1516 /* GameScene.swift */ = {isa = PBXFileReference; lastKnownFileType = sourcecode.swift; path = GameScene.swift; sourceTree = "<group>"; };
		0E6833840C761598922CDF56 /* SceneDelegate.swift */ = {isa = PBXFileReference; lastKnownFileType = sourcecode.swift; path = SceneDelegate.swift; sourceTree = "<group>"; };
		16D4D97305B21435907E5899 /* AppDelegate.swift */ = {isa = PBXFileReference; lastKnownFileType = sourcecode.swift; path = AppDelegate.swift; sourceTree = "<group>"; };
		23C8D543894E430CB78438FC /* hurt.wav */ = {isa = PBXFileReference; lastKnownFileType = audio.wav; path = hurt.wav; sourceTree = "<group>"; };
		450B6609FA01CF625745861B /* levelup.wav */ = {isa = PBXFileReference; lastKnownFileType = audio.wav; path = levelup.wav; sourceTree = "<group>"; };
		5AC11ECB51BFAECEA517043D /* laserhit.wav */ = {isa = PBXFileReference; lastKnownFileType = audio.wav; path = laserhit.wav; sourceTree = "<group>"; };
		5D2F961EB839730A2AD4E54F /* hit.wav */ = {isa = PBXFileReference; lastKnownFileType = audio.wav; path = hit.wav; sourceTree = "<group>"; };
		90DBCB15410B15EB3C986E4B /* ArkanoidOnline.app */ = {isa = PBXFileReference; explicitFileType = wrapper.application; includeInIndex = 0; path = ArkanoidOnline.app; sourceTree = BUILT_PRODUCTS_DIR; };
		C273487091A8107944EA34EF /* GameViewController.swift */ = {isa = PBXFileReference; lastKnownFileType = sourcecode.swift; path = GameViewController.swift; sourceTree = "<group>"; };
/* End PBXFileReference section */

/* Begin PBXGroup section */
		52A5F6F3FC43166ED5E21F34 /* Resources */ = {
			isa = PBXGroup;
			children = (
				0D99A0A2ECAEFF218C3A3ED2 /* gameover.wav */,
				5D2F961EB839730A2AD4E54F /* hit.wav */,
				23C8D543894E430CB78438FC /* hurt.wav */,
				5AC11ECB51BFAECEA517043D /* laserhit.wav */,
				450B6609FA01CF625745861B /* levelup.wav */,
			);
			path = Resources;
			sourceTree = "<group>";
		};
		56F26DEFCBD274915EEFEC5B /* Products */ = {
			isa = PBXGroup;
			children = (
				90DBCB15410B15EB3C986E4B /* ArkanoidOnline.app */,
			);
			name = Products;
			sourceTree = "<group>";
		};
		ABBB1EFE47D3F9F03C147190 /* Scenes */ = {
			isa = PBXGroup;
			children = (
				0DDFB595B4E556B1D95B1516 /* GameScene.swift */,
			);
			path = Scenes;
			sourceTree = "<group>";
		};
		CC946899EC108DF9AF134C89 /* Sources */ = {
			isa = PBXGroup;
			children = (
				16D4D97305B21435907E5899 /* AppDelegate.swift */,
				C273487091A8107944EA34EF /* GameViewController.swift */,
				0E6833840C761598922CDF56 /* SceneDelegate.swift */,
				ABBB1EFE47D3F9F03C147190 /* Scenes */,
			);
			path = Sources;
			sourceTree = "<group>";
		};
		FB93B62F6FD966A55AC6A8FE = {
			isa = PBXGroup;
			children = (
				52A5F6F3FC43166ED5E21F34 /* Resources */,
				CC946899EC108DF9AF134C89 /* Sources */,
				56F26DEFCBD274915EEFEC5B /* Products */,
			);
			sourceTree = "<group>";
		};
/* End PBXGroup section */

/* Begin PBXNativeTarget section */
		0EDA7EA2EF89C672CAE298B0 /* ArkanoidOnline */ = {
			isa = PBXNativeTarget;
			buildConfigurationList = 56E6A464C9B376CEE5B59A6A /* Build configuration list for PBXNativeTarget "ArkanoidOnline" */;
			buildPhases = (
				E77EC8A28B0E35C43D53B950 /* Sources */,
				B3D66F10C7E9A644B9CCE252 /* Resources */,
			);
			buildRules = (
			);
			dependencies = (
			);
			name = ArkanoidOnline;
			packageProductDependencies = (
			);
			productName = ArkanoidOnline;
			productReference = 90DBCB15410B15EB3C986E4B /* ArkanoidOnline.app */;
			productType = "com.apple.product-type.application";
		};
/* End PBXNativeTarget section */

/* Begin PBXProject section */
		E078912B34BF306FB063CB74 /* Project object */ = {
			isa = PBXProject;
			attributes = {
				BuildIndependentTargetsInParallel = YES;
				LastUpgradeCheck = 1500;
				TargetAttributes = {
					0EDA7EA2EF89C672CAE298B0 = {
						ProvisioningStyle = Automatic;
					};
				};
			};
			buildConfigurationList = 084EFA51EB06C7521D1A9A54 /* Build configuration list for PBXProject "ArkanoidOnline" */;
			compatibilityVersion = "Xcode 14.0";
			developmentRegion = en;
			hasScannedForEncodings = 0;
			knownRegions = (
				Base,
				en,
			);
			mainGroup = FB93B62F6FD966A55AC6A8FE;
			minimizedProjectReferenceProxies = 1;
			projectDirPath = "";
			projectRoot = "";
			targets = (
				0EDA7EA2EF89C672CAE298B0 /* ArkanoidOnline */,
			);
		};
/* End PBXProject section */

/* Begin PBXResourcesBuildPhase section */
		B3D66F10C7E9A644B9CCE252 /* Resources */ = {
			isa = PBXResourcesBuildPhase;
			buildActionMask = 2147483647;
			files = (
				00210C235C94ACC1BBA3FD3F /* gameover.wav in Resources */,
				CFFC3C50D7CED543165FDEB6 /* hit.wav in Resources */,
				C5D9A715DC83454FD78077A1 /* hurt.wav in Resources */,
				8674FD11D79562BDE0024009 /* laserhit.wav in Resources */,
				91E033002AD2BEB828817EE9 /* levelup.wav in Resources */,
			);
			runOnlyForDeploymentPostprocessing = 0;
		};
/* End PBXResourcesBuildPhase section */

/* Begin PBXSourcesBuildPhase section */
		E77EC8A28B0E35C43D53B950 /* Sources */ = {
			isa = PBXSourcesBuildPhase;
			buildActionMask = 2147483647;
			files = (
				061EE7028492229CCDC7295A /* AppDelegate.swift in Sources */,
				5B363DA86AA54B107FDD658A /* GameScene.swift in Sources */,
				CAC7B80715A2ADA4BD244A63 /* GameViewController.swift in Sources */,
				07994A23B9DBD33EB1C094DC /* SceneDelegate.swift in Sources */,
			);
			runOnlyForDeploymentPostprocessing = 0;
		};
/* End PBXSourcesBuildPhase section */

/* Begin XCBuildConfiguration section */
		0EB9CDA65516826F731F4D55 /* Release */ = {
			isa = XCBuildConfiguration;
			buildSettings = {
				ALWAYS_SEARCH_USER_PATHS = NO;
				CLANG_ANALYZER_NONNULL = YES;
				CLANG_ANALYZER_NUMBER_OBJECT_CONVERSION = YES_AGGRESSIVE;
				CLANG_CXX_LANGUAGE_STANDARD = "gnu++14";
				CLANG_CXX_LIBRARY = "libc++";
				CLANG_ENABLE_MODULES = YES;
				CLANG_ENABLE_OBJC_ARC = YES;
				CLANG_ENABLE_OBJC_WEAK = YES;
				CLANG_WARN_BLOCK_CAPTURE_AUTORELEASING = YES;
				CLANG_WARN_BOOL_CONVERSION = YES;
				CLANG_WARN_COMMA = YES;
				CLANG_WARN_CONSTANT_CONVERSION = YES;
				CLANG_WARN_DEPRECATED_OBJC_IMPLEMENTATIONS = YES;
				CLANG_WARN_DIRECT_OBJC_ISA_USAGE = YES_ERROR;
				CLANG_WARN_DOCUMENTATION_COMMENTS = YES;
				CLANG_WARN_EMPTY_BODY = YES;
				CLANG_WARN_ENUM_CONVERSION = YES;
				CLANG_WARN_INFINITE_RECURSION = YES;
				CLANG_WARN_INT_CONVERSION = YES;
				CLANG_WARN_NON_LITERAL_NULL_CONVERSION = YES;
				CLANG_WARN_OBJC_IMPLICIT_RETAIN_SELF = YES;
				CLANG_WARN_OBJC_LITERAL_CONVERSION = YES;
				CLANG_WARN_OBJC_ROOT_CLASS = YES_ERROR;
				CLANG_WARN_QUOTED_INCLUDE_IN_FRAMEWORK_HEADER = YES;
				CLANG_WARN_RANGE_LOOP_ANALYSIS = YES;
				CLANG_WARN_STRICT_PROTOTYPES = YES;
				CLANG_WARN_SUSPICIOUS_MOVE = YES;
				CLANG_WARN_UNGUARDED_AVAILABILITY = YES_AGGRESSIVE;
				CLANG_WARN_UNREACHABLE_CODE = YES;
				CLANG_WARN__DUPLICATE_METHOD_MATCH = YES;
				COPY_PHASE_STRIP = NO;
				DEBUG_INFORMATION_FORMAT = "dwarf-with-dsym";
				ENABLE_NS_ASSERTIONS = NO;
				ENABLE_STRICT_OBJC_MSGSEND = YES;
				GCC_C_LANGUAGE_STANDARD = gnu11;
				GCC_NO_COMMON_BLOCKS = YES;
				GCC_WARN_64_TO_32_BIT_CONVERSION = YES;
				GCC_WARN_ABOUT_RETURN_TYPE = YES_ERROR;
				GCC_WARN_UNDECLARED_SELECTOR = YES;
				GCC_WARN_UNINITIALIZED_AUTOS = YES_AGGRESSIVE;
				GCC_WARN_UNUSED_FUNCTION = YES;
				GCC_WARN_UNUSED_VARIABLE = YES;
				IPHONEOS_DEPLOYMENT_TARGET = 15.0;
				MTL_ENABLE_DEBUG_INFO = NO;
				MTL_FAST_MATH = YES;
				PRODUCT_NAME = "$(TARGET_NAME)";
				SDKROOT = iphoneos;
				SWIFT_COMPILATION_MODE = wholemodule;
				SWIFT_OPTIMIZATION_LEVEL = "-O";
				SWIFT_VERSION = 5.9;
				TARGETED_DEVICE_FAMILY = "1,2";
			};
			name = Release;
		};
		7EFAB0E1AD4A9FF3A5D22EF3 /* Release */ = {
			isa = XCBuildConfiguration;
			buildSettings = {
				ASSETCATALOG_COMPILER_APPICON_NAME = AppIcon;
				CODE_SIGN_IDENTITY = "iPhone Developer";
				CODE_SIGN_STYLE = Automatic;
				DEVELOPMENT_TEAM = VZ4K3XG4L9;
				INFOPLIST_FILE = Resources/Info.plist;
				LD_RUNPATH_SEARCH_PATHS = (
					"$(inherited)",
					"@executable_path/Frameworks",
				);
				PRODUCT_BUNDLE_IDENTIFIER = com.yourname.arkanoidonline;
				SDKROOT = iphoneos;
				TARGETED_DEVICE_FAMILY = "1,2";
			};
			name = Release;
		};
		8B5C6E13E4869EB5E6A2A4C3 /* Debug */ = {
			isa = XCBuildConfiguration;
			buildSettings = {
				ALWAYS_SEARCH_USER_PATHS = NO;
				CLANG_ANALYZER_NONNULL = YES;
				CLANG_ANALYZER_NUMBER_OBJECT_CONVERSION = YES_AGGRESSIVE;
				CLANG_CXX_LANGUAGE_STANDARD = "gnu++14";
				CLANG_CXX_LIBRARY = "libc++";
				CLANG_ENABLE_MODULES = YES;
				CLANG_ENABLE_OBJC_ARC = YES;
				CLANG_ENABLE_OBJC_WEAK = YES;
				CLANG_WARN_BLOCK_CAPTURE_AUTORELEASING = YES;
				CLANG_WARN_BOOL_CONVERSION = YES;
				CLANG_WARN_COMMA = YES;
				CLANG_WARN_CONSTANT_CONVERSION = YES;
				CLANG_WARN_DEPRECATED_OBJC_IMPLEMENTATIONS = YES;
				CLANG_WARN_DIRECT_OBJC_ISA_USAGE = YES_ERROR;
				CLANG_WARN_DOCUMENTATION_COMMENTS = YES;
				CLANG_WARN_EMPTY_BODY = YES;
				CLANG_WARN_ENUM_CONVERSION = YES;
				CLANG_WARN_INFINITE_RECURSION = YES;
				CLANG_WARN_INT_CONVERSION = YES;
				CLANG_WARN_NON_LITERAL_NULL_CONVERSION = YES;
				CLANG_WARN_OBJC_IMPLICIT_RETAIN_SELF = YES;
				CLANG_WARN_OBJC_LITERAL_CONVERSION = YES;
				CLANG_WARN_OBJC_ROOT_CLASS = YES_ERROR;
				CLANG_WARN_QUOTED_INCLUDE_IN_FRAMEWORK_HEADER = YES;
				CLANG_WARN_RANGE_LOOP_ANALYSIS = YES;
				CLANG_WARN_STRICT_PROTOTYPES = YES;
				CLANG_WARN_SUSPICIOUS_MOVE = YES;
				CLANG_WARN_UNGUARDED_AVAILABILITY = YES_AGGRESSIVE;
				CLANG_WARN_UNREACHABLE_CODE = YES;
				CLANG_WARN__DUPLICATE_METHOD_MATCH = YES;
				COPY_PHASE_STRIP = NO;
				DEBUG_INFORMATION_FORMAT = dwarf;
				ENABLE_STRICT_OBJC_MSGSEND = YES;
				ENABLE_TESTABILITY = YES;
				GCC_C_LANGUAGE_STANDARD = gnu11;
				GCC_DYNAMIC_NO_PIC = NO;
				GCC_NO_COMMON_BLOCKS = YES;
				GCC_OPTIMIZATION_LEVEL = 0;
				GCC_PREPROCESSOR_DEFINITIONS = (
					"$(inherited)",
					"DEBUG=1",
				);
				GCC_WARN_64_TO_32_BIT_CONVERSION = YES;
				GCC_WARN_ABOUT_RETURN_TYPE = YES_ERROR;
				GCC_WARN_UNDECLARED_SELECTOR = YES;
				GCC_WARN_UNINITIALIZED_AUTOS = YES_AGGRESSIVE;
				GCC_WARN_UNUSED_FUNCTION = YES;
				GCC_WARN_UNUSED_VARIABLE = YES;
				IPHONEOS_DEPLOYMENT_TARGET = 15.0;
				MTL_ENABLE_DEBUG_INFO = INCLUDE_SOURCE;
				MTL_FAST_MATH = YES;
				ONLY_ACTIVE_ARCH = YES;
				PRODUCT_NAME = "$(TARGET_NAME)";
				SDKROOT = iphoneos;
				SWIFT_ACTIVE_COMPILATION_CONDITIONS = DEBUG;
				SWIFT_OPTIMIZATION_LEVEL = "-Onone";
				SWIFT_VERSION = 5.9;
				TARGETED_DEVICE_FAMILY = "1,2";
			};
			name = Debug;
		};
		E00F9038F1F05A0C248EE2A2 /* Debug */ = {
			isa = XCBuildConfiguration;
			buildSettings = {
				ASSETCATALOG_COMPILER_APPICON_NAME = AppIcon;
				CODE_SIGN_IDENTITY = "iPhone Developer";
				CODE_SIGN_STYLE = Automatic;
				DEVELOPMENT_TEAM = VZ4K3XG4L9;
				INFOPLIST_FILE = Resources/Info.plist;
				LD_RUNPATH_SEARCH_PATHS = (
					"$(inherited)",
					"@executable_path/Frameworks",
				);
				PRODUCT_BUNDLE_IDENTIFIER = com.yourname.arkanoidonline;
				SDKROOT = iphoneos;
				TARGETED_DEVICE_FAMILY = "1,2";
			};
			name = Debug;
		};
/* End XCBuildConfiguration section */

/* Begin XCConfigurationList section */
		084EFA51EB06C7521D1A9A54 /* Build configuration list for PBXProject "ArkanoidOnline" */ = {
			isa = XCConfigurationList;
			buildConfigurations = (
				8B5C6E13E4869EB5E6A2A4C3 /* Debug */,
				0EB9CDA65516826F731F4D55 /* Release */,
			);
			defaultConfigurationIsVisible = 0;
			defaultConfigurationName = Debug;
		};
		56E6A464C9B376CEE5B59A6A /* Build configuration list for PBXNativeTarget "ArkanoidOnline" */ = {
			isa = XCConfigurationList;
			buildConfigurations = (
				E00F9038F1F05A0C248EE2A2 /* Debug */,
				7EFAB0E1AD4A9FF3A5D22EF3 /* Release */,
			);
			defaultConfigurationIsVisible = 0;
			defaultConfigurationName = Debug;
		};
/* End XCConfigurationList section */
	};
	rootObject = E078912B34BF306FB063CB74 /* Project object */;
}
